{
  "name": "shapr3d-migrate",
  "version": "0.1.0",
  "lockfileVersion": 3,
  "requires": true,
  "packages": {
    "": {
      "name": "shapr3d-migrate",
      "version": "0.1.0",
      "bin": {
        "shapr3d-migrate": "bin/cli.js"
      },
      "engines": {
        "node": ">=22.5.0"
      }
    }
  }
}
